// !$*UTF8*$!
{
	archiveVersion = 1;
	classes = {
	};
	objectVersion = 50;
	objects = {

/* Begin PBXBuildFile section */
		37F2229522036F6B003C36AB /* main.swift in Sources */ = {isa = PBXBuildFile; fileRef = 37F2229422036F6B003C36AB /* main.swift */; };
		37F22325220CA633003C36AB /* Avatar.swift in Sources */ = {isa = PBXBuildFile; fileRef = 37F22324220CA633003C36AB /* Avatar.swift */; };
		37F22332220CA64A003C36AB /* Errors.swift in Sources */ = {isa = PBXBuildFile; fileRef = 37F22326220CA64A003C36AB /* Errors.swift */; };
		37F22333220CA64A003C36AB /* Giant.swift in Sources */ = {isa = PBXBuildFile; fileRef = 37F22327220CA64A003C36AB /* Giant.swift */; };
		37F22334220CA64A003C36AB /* Hypnotise.swift in Sources */ = {isa = PBXBuildFile; fileRef = 37F22328220CA64A003C36AB /* Hypnotise.swift */; };
		37F22335220CA64A003C36AB /* Mace.swift in Sources */ = {isa = PBXBuildFile; fileRef = 37F22329220CA64A003C36AB /* Mace.swift */; };
		37F22336220CA64A003C36AB /* AvatarType.swift in Sources */ = {isa = PBXBuildFile; fileRef = 37F2232A220CA64A003C36AB /* AvatarType.swift */; };
		37F22337220CA64A003C36AB /* Dwarf.swift in Sources */ = {isa = PBXBuildFile; fileRef = 37F2232B220CA64A003C36AB /* Dwarf.swift */; };
		37F22338220CA64A003C36AB /* Magus.swift in Sources */ = {isa = PBXBuildFile; fileRef = 37F2232C220CA64A003C36AB /* Magus.swift */; };
		37F22339220CA64A003C36AB /* Care.swift in Sources */ = {isa = PBXBuildFile; fileRef = 37F2232D220CA64A003C36AB /* Care.swift */; };
		37F2233A220CA64A003C36AB /* Hypnotist.swift in Sources */ = {isa = PBXBuildFile; fileRef = 37F2232E220CA64A003C36AB /* Hypnotist.swift */; };
		37F2233B220CA64A003C36AB /* Fighter.swift in Sources */ = {isa = PBXBuildFile; fileRef = 37F2232F220CA64A003C36AB /* Fighter.swift */; };
		37F2233C220CA64A003C36AB /* Game.swift in Sources */ = {isa = PBXBuildFile; fileRef = 37F22330220CA64A003C36AB /* Game.swift */; };
		37F2233D220CA64A003C36AB /* Axe.swift in Sources */ = {isa = PBXBuildFile; fileRef = 37F22331220CA64A003C36AB /* Axe.swift */; };
		37F22341220CA656003C36AB /* Sword.swift in Sources */ = {isa = PBXBuildFile; fileRef = 37F2233E220CA656003C36AB /* Sword.swift */; };
		37F22342220CA656003C36AB /* Weapon.swift in Sources */ = {isa = PBXBuildFile; fileRef = 37F2233F220CA656003C36AB /* Weapon.swift */; };
		37F22343220CA656003C36AB /* Team.swift in Sources */ = {isa = PBXBuildFile; fileRef = 37F22340220CA656003C36AB /* Team.swift */; };
/* End PBXBuildFile section */

/* Begin PBXCopyFilesBuildPhase section */
		37F2228F22036F6B003C36AB /* CopyFiles */ = {
			isa = PBXCopyFilesBuildPhase;
			buildActionMask = 2147483647;
			dstPath = /usr/share/man/man1/;
			dstSubfolderSpec = 0;
			files = (
			);
			runOnlyForDeploymentPostprocessing = 1;
		};
/* End PBXCopyFilesBuildPhase section */

/* Begin PBXFileReference section */
		37F2229122036F6B003C36AB /* FirstPlayWithSwift */ = {isa = PBXFileReference; explicitFileType = "compiled.mach-o.executable"; includeInIndex = 0; path = FirstPlayWithSwift; sourceTree = BUILT_PRODUCTS_DIR; };
		37F2229422036F6B003C36AB /* main.swift */ = {isa = PBXFileReference; lastKnownFileType = sourcecode.swift; path = main.swift; sourceTree = "<group>"; };
		37F22324220CA633003C36AB /* Avatar.swift */ = {isa = PBXFileReference; fileEncoding = 4; lastKnownFileType = sourcecode.swift; path = Avatar.swift; sourceTree = "<group>"; };
		37F22326220CA64A003C36AB /* Errors.swift */ = {isa = PBXFileReference; fileEncoding = 4; lastKnownFileType = sourcecode.swift; path = Errors.swift; sourceTree = "<group>"; };
		37F22327220CA64A003C36AB /* Giant.swift */ = {isa = PBXFileReference; fileEncoding = 4; lastKnownFileType = sourcecode.swift; path = Giant.swift; sourceTree = "<group>"; };
		37F22328220CA64A003C36AB /* Hypnotise.swift */ = {isa = PBXFileReference; fileEncoding = 4; lastKnownFileType = sourcecode.swift; path = Hypnotise.swift; sourceTree = "<group>"; };
		37F22329220CA64A003C36AB /* Mace.swift */ = {isa = PBXFileReference; fileEncoding = 4; lastKnownFileType = sourcecode.swift; path = Mace.swift; sourceTree = "<group>"; };
		37F2232A220CA64A003C36AB /* AvatarType.swift */ = {isa = PBXFileReference; fileEncoding = 4; lastKnownFileType = sourcecode.swift; path = AvatarType.swift; sourceTree = "<group>"; };
		37F2232B220CA64A003C36AB /* Dwarf.swift */ = {isa = PBXFileReference; fileEncoding = 4; lastKnownFileType = sourcecode.swift; path = Dwarf.swift; sourceTree = "<group>"; };
		37F2232C220CA64A003C36AB /* Magus.swift */ = {isa = PBXFileReference; fileEncoding = 4; lastKnownFileType = sourcecode.swift; path = Magus.swift; sourceTree = "<group>"; };
		37F2232D220CA64A003C36AB /* Care.swift */ = {isa = PBXFileReference; fileEncoding = 4; lastKnownFileType = sourcecode.swift; path = Care.swift; sourceTree = "<group>"; };
		37F2232E220CA64A003C36AB /* Hypnotist.swift */ = {isa = PBXFileReference; fileEncoding = 4; lastKnownFileType = sourcecode.swift; path = Hypnotist.swift; sourceTree = "<group>"; };
		37F2232F220CA64A003C36AB /* Fighter.swift */ = {isa = PBXFileReference; fileEncoding = 4; lastKnownFileType = sourcecode.swift; path = Fighter.swift; sourceTree = "<group>"; };
		37F22330220CA64A003C36AB /* Game.swift */ = {isa = PBXFileReference; fileEncoding = 4; lastKnownFileType = sourcecode.swift; path = Game.swift; sourceTree = "<group>"; };
		37F22331220CA64A003C36AB /* Axe.swift */ = {isa = PBXFileReference; fileEncoding = 4; lastKnownFileType = sourcecode.swift; path = Axe.swift; sourceTree = "<group>"; };
		37F2233E220CA656003C36AB /* Sword.swift */ = {isa = PBXFileReference; fileEncoding = 4; lastKnownFileType = sourcecode.swift; path = Sword.swift; sourceTree = "<group>"; };
		37F2233F220CA656003C36AB /* Weapon.swift */ = {isa = PBXFileReference; fileEncoding = 4; lastKnownFileType = sourcecode.swift; path = Weapon.swift; sourceTree = "<group>"; };
		37F22340220CA656003C36AB /* Team.swift */ = {isa = PBXFileReference; fileEncoding = 4; lastKnownFileType = sourcecode.swift; path = Team.swift; sourceTree = "<group>"; };
/* End PBXFileReference section */

/* Begin PBXFrameworksBuildPhase section */
		37F2228E22036F6B003C36AB /* Frameworks */ = {
			isa = PBXFrameworksBuildPhase;
			buildActionMask = 2147483647;
			files = (
			);
			runOnlyForDeploymentPostprocessing = 0;
		};
/* End PBXFrameworksBuildPhase section */

/* Begin PBXGroup section */
		37F2228822036F6B003C36AB = {
			isa = PBXGroup;
			children = (
				37F2229322036F6B003C36AB /* FirstPlayWithSwift */,
				37F2229222036F6B003C36AB /* Products */,
			);
			sourceTree = "<group>";
		};
		37F2229222036F6B003C36AB /* Products */ = {
			isa = PBXGroup;
			children = (
				37F2229122036F6B003C36AB /* FirstPlayWithSwift */,
			);
			name = Products;
			sourceTree = "<group>";
		};
		37F2229322036F6B003C36AB /* FirstPlayWithSwift */ = {
			isa = PBXGroup;
			children = (
				37F2229422036F6B003C36AB /* main.swift */,
				37F22324220CA633003C36AB /* Avatar.swift */,
				37F2232A220CA64A003C36AB /* AvatarType.swift */,
				37F2232F220CA64A003C36AB /* Fighter.swift */,
				37F2232C220CA64A003C36AB /* Magus.swift */,
				37F22327220CA64A003C36AB /* Giant.swift */,
				37F2232B220CA64A003C36AB /* Dwarf.swift */,
				37F22328220CA64A003C36AB /* Hypnotise.swift */,
				37F2233F220CA656003C36AB /* Weapon.swift */,
				37F2233E220CA656003C36AB /* Sword.swift */,
				37F2232D220CA64A003C36AB /* Care.swift */,
				37F22331220CA64A003C36AB /* Axe.swift */,
				37F22329220CA64A003C36AB /* Mace.swift */,
				37F2232E220CA64A003C36AB /* Hypnotist.swift */,
				37F22330220CA64A003C36AB /* Game.swift */,
				37F22340220CA656003C36AB /* Team.swift */,
				37F22326220CA64A003C36AB /* Errors.swift */,
			);
			path = FirstPlayWithSwift;
			sourceTree = "<group>";
		};
/* End PBXGroup section */

/* Begin PBXNativeTarget section */
		37F2229022036F6B003C36AB /* FirstPlayWithSwift */ = {
			isa = PBXNativeTarget;
			buildConfigurationList = 37F2229822036F6B003C36AB /* Build configuration list for PBXNativeTarget "FirstPlayWithSwift" */;
			buildPhases = (
				37F2228D22036F6B003C36AB /* Sources */,
				37F2228E22036F6B003C36AB /* Frameworks */,
				37F2228F22036F6B003C36AB /* CopyFiles */,
			);
			buildRules = (
			);
			dependencies = (
			);
			name = FirstPlayWithSwift;
			productName = FirstPlayWithSwift;
			productReference = 37F2229122036F6B003C36AB /* FirstPlayWithSwift */;
			productType = "com.apple.product-type.tool";
		};
/* End PBXNativeTarget section */

/* Begin PBXProject section */
		37F2228922036F6B003C36AB /* Project object */ = {
			isa = PBXProject;
			attributes = {
				LastSwiftUpdateCheck = 1010;
				LastUpgradeCheck = 1010;
				ORGANIZATIONNAME = Philippe;
				TargetAttributes = {
					37F2229022036F6B003C36AB = {
						CreatedOnToolsVersion = 10.1;
					};
				};
			};
			buildConfigurationList = 37F2228C22036F6B003C36AB /* Build configuration list for PBXProject "FirstPlayWithSwift" */;
			compatibilityVersion = "Xcode 9.3";
			developmentRegion = en;
			hasScannedForEncodings = 0;
			knownRegions = (
				en,
			);
			mainGroup = 37F2228822036F6B003C36AB;
			productRefGroup = 37F2229222036F6B003C36AB /* Products */;
			projectDirPath = "";
			projectRoot = "";
			targets = (
				37F2229022036F6B003C36AB /* FirstPlayWithSwift */,
			);
		};
/* End PBXProject section */

/* Begin PBXSourcesBuildPhase section */
		37F2228D22036F6B003C36AB /* Sources */ = {
			isa = PBXSourcesBuildPhase;
			buildActionMask = 2147483647;
			files = (
				37F22325220CA633003C36AB /* Avatar.swift in Sources */,
				37F22342220CA656003C36AB /* Weapon.swift in Sources */,
				37F2233B220CA64A003C36AB /* Fighter.swift in Sources */,
				37F22333220CA64A003C36AB /* Giant.swift in Sources */,
				37F2233C220CA64A003C36AB /* Game.swift in Sources */,
				37F22339220CA64A003C36AB /* Care.swift in Sources */,
				37F22341220CA656003C36AB /* Sword.swift in Sources */,
				37F22337220CA64A003C36AB /* Dwarf.swift in Sources */,
				37F22343220CA656003C36AB /* Team.swift in Sources */,
				37F22332220CA64A003C36AB /* Errors.swift in Sources */,
				37F22335220CA64A003C36AB /* Mace.swift in Sources */,
				37F2233D220CA64A003C36AB /* Axe.swift in Sources */,
				37F22338220CA64A003C36AB /* Magus.swift in Sources */,
				37F22336220CA64A003C36AB /* AvatarType.swift in Sources */,
				37F22334220CA64A003C36AB /* Hypnotise.swift in Sources */,
				37F2233A220CA64A003C36AB /* Hypnotist.swift in Sources */,
				37F2229522036F6B003C36AB /* main.swift in Sources */,
			);
			runOnlyForDeploymentPostprocessing = 0;
		};
/* End PBXSourcesBuildPhase section */

/* Begin XCBuildConfiguration section */
		37F2229622036F6B003C36AB /* Debug */ = {
			isa = XCBuildConfiguration;
			buildSettings = {
				ALWAYS_SEARCH_USER_PATHS = NO;
				CLANG_ANALYZER_NONNULL = YES;
				CLANG_ANALYZER_NUMBER_OBJECT_CONVERSION = YES_AGGRESSIVE;
				CLANG_CXX_LANGUAGE_STANDARD = "gnu++14";
				CLANG_CXX_LIBRARY = "libc++";
				CLANG_ENABLE_MODULES = YES;
				CLANG_ENABLE_OBJC_ARC = YES;
				CLANG_ENABLE_OBJC_WEAK = YES;
				CLANG_WARN_BLOCK_CAPTURE_AUTORELEASING = YES;
				CLANG_WARN_BOOL_CONVERSION = YES;
				CLANG_WARN_COMMA = YES;
				CLANG_WARN_CONSTANT_CONVERSION = YES;
				CLANG_WARN_DEPRECATED_OBJC_IMPLEMENTATIONS = YES;
				CLANG_WARN_DIRECT_OBJC_ISA_USAGE = YES_ERROR;
				CLANG_WARN_DOCUMENTATION_COMMENTS = YES;
				CLANG_WARN_EMPTY_BODY = YES;
				CLANG_WARN_ENUM_CONVERSION = YES;
				CLANG_WARN_INFINITE_RECURSION = YES;
				CLANG_WARN_INT_CONVERSION = YES;
				CLANG_WARN_NON_LITERAL_NULL_CONVERSION = YES;
				CLANG_WARN_OBJC_IMPLICIT_RETAIN_SELF = YES;
				CLANG_WARN_OBJC_LITERAL_CONVERSION = YES;
				CLANG_WARN_OBJC_ROOT_CLASS = YES_ERROR;
				CLANG_WARN_RANGE_LOOP_ANALYSIS = YES;
				CLANG_WARN_STRICT_PROTOTYPES = YES;
				CLANG_WARN_SUSPICIOUS_MOVE = YES;
				CLANG_WARN_UNGUARDED_AVAILABILITY = YES_AGGRESSIVE;
				CLANG_WARN_UNREACHABLE_CODE = YES;
				CLANG_WARN__DUPLICATE_METHOD_MATCH = YES;
				CODE_SIGN_IDENTITY = "Mac Developer";
				COPY_PHASE_STRIP = NO;
				DEBUG_INFORMATION_FORMAT = dwarf;
				ENABLE_STRICT_OBJC_MSGSEND = YES;
				ENABLE_TESTABILITY = YES;
				GCC_C_LANGUAGE_STANDARD = gnu11;
				GCC_DYNAMIC_NO_PIC = NO;
				GCC_NO_COMMON_BLOCKS = YES;
				GCC_OPTIMIZATION_LEVEL = 0;
				GCC_PREPROCESSOR_DEFINITIONS = (
					"DEBUG=1",
					"$(inherited)",
				);
				GCC_WARN_64_TO_32_BIT_CONVERSION = YES;
				GCC_WARN_ABOUT_RETURN_TYPE = YES_ERROR;
				GCC_WARN_UNDECLARED_SELECTOR = YES;
				GCC_WARN_UNINITIALIZED_AUTOS = YES_AGGRESSIVE;
				GCC_WARN_UNUSED_FUNCTION = YES;
				GCC_WARN_UNUSED_VARIABLE = YES;
				MACOSX_DEPLOYMENT_TARGET = 10.14;
				MTL_ENABLE_DEBUG_INFO = INCLUDE_SOURCE;
				MTL_FAST_MATH = YES;
				ONLY_ACTIVE_ARCH = YES;
				SDKROOT = macosx;
				SWIFT_ACTIVE_COMPILATION_CONDITIONS = DEBUG;
				SWIFT_OPTIMIZATION_LEVEL = "-Onone";
			};
			name = Debug;
		};
		37F2229722036F6B003C36AB /* Release */ = {
			isa = XCBuildConfiguration;
			buildSettings = {
				ALWAYS_SEARCH_USER_PATHS = NO;
				CLANG_ANALYZER_NONNULL = YES;
				CLANG_ANALYZER_NUMBER_OBJECT_CONVERSION = YES_AGGRESSIVE;
				CLANG_CXX_LANGUAGE_STANDARD = "gnu++14";
				CLANG_CXX_LIBRARY = "libc++";
				CLANG_ENABLE_MODULES = YES;
				CLANG_ENABLE_OBJC_ARC = YES;
				CLANG_ENABLE_OBJC_WEAK = YES;
				CLANG_WARN_BLOCK_CAPTURE_AUTORELEASING = YES;
				CLANG_WARN_BOOL_CONVERSION = YES;
				CLANG_WARN_COMMA = YES;
				CLANG_WARN_CONSTANT_CONVERSION = YES;
				CLANG_WARN_DEPRECATED_OBJC_IMPLEMENTATIONS = YES;
				CLANG_WARN_DIRECT_OBJC_ISA_USAGE = YES_ERROR;
				CLANG_WARN_DOCUMENTATION_COMMENTS = YES;
				CLANG_WARN_EMPTY_BODY = YES;
				CLANG_WARN_ENUM_CONVERSION = YES;
				CLANG_WARN_INFINITE_RECURSION = YES;
				CLANG_WARN_INT_CONVERSION = YES;
				CLANG_WARN_NON_LITERAL_NULL_CONVERSION = YES;
				CLANG_WARN_OBJC_IMPLICIT_RETAIN_SELF = YES;
				CLANG_WARN_OBJC_LITERAL_CONVERSION = YES;
				CLANG_WARN_OBJC_ROOT_CLASS = YES_ERROR;
				CLANG_WARN_RANGE_LOOP_ANALYSIS = YES;
				CLANG_WARN_STRICT_PROTOTYPES = YES;
				CLANG_WARN_SUSPICIOUS_MOVE = YES;
				CLANG_WARN_UNGUARDED_AVAILABILITY = YES_AGGRESSIVE;
				CLANG_WARN_UNREACHABLE_CODE = YES;
				CLANG_WARN__DUPLICATE_METHOD_MATCH = YES;
				CODE_SIGN_IDENTITY = "Mac Developer";
				COPY_PHASE_STRIP = NO;
				DEBUG_INFORMATION_FORMAT = "dwarf-with-dsym";
				ENABLE_NS_ASSERTIONS = NO;
				ENABLE_STRICT_OBJC_MSGSEND = YES;
				GCC_C_LANGUAGE_STANDARD = gnu11;
				GCC_NO_COMMON_BLOCKS = YES;
				GCC_WARN_64_TO_32_BIT_CONVERSION = YES;
				GCC_WARN_ABOUT_RETURN_TYPE = YES_ERROR;
				GCC_WARN_UNDECLARED_SELECTOR = YES;
				GCC_WARN_UNINITIALIZED_AUTOS = YES_AGGRESSIVE;
				GCC_WARN_UNUSED_FUNCTION = YES;
				GCC_WARN_UNUSED_VARIABLE = YES;
				MACOSX_DEPLOYMENT_TARGET = 10.14;
				MTL_ENABLE_DEBUG_INFO = NO;
				MTL_FAST_MATH = YES;
				SDKROOT = macosx;
				SWIFT_COMPILATION_MODE = wholemodule;
				SWIFT_OPTIMIZATION_LEVEL = "-O";
			};
			name = Release;
		};
		37F2229922036F6B003C36AB /* Debug */ = {
			isa = XCBuildConfiguration;
			buildSettings = {
				CODE_SIGN_STYLE = Automatic;
				DEVELOPMENT_TEAM = C88WF6385D;
				PRODUCT_NAME = "$(TARGET_NAME)";
				SWIFT_VERSION = 4.2;
			};
			name = Debug;
		};
		37F2229A22036F6B003C36AB /* Release */ = {
			isa = XCBuildConfiguration;
			buildSettings = {
				CODE_SIGN_STYLE = Automatic;
				DEVELOPMENT_TEAM = C88WF6385D;
				PRODUCT_NAME = "$(TARGET_NAME)";
				SWIFT_VERSION = 4.2;
			};
			name = Release;
		};
/* End XCBuildConfiguration section */

/* Begin XCConfigurationList section */
		37F2228C22036F6B003C36AB /* Build configuration list for PBXProject "FirstPlayWithSwift" */ = {
			isa = XCConfigurationList;
			buildConfigurations = (
				37F2229622036F6B003C36AB /* Debug */,
				37F2229722036F6B003C36AB /* Release */,
			);
			defaultConfigurationIsVisible = 0;
			defaultConfigurationName = Release;
		};
		37F2229822036F6B003C36AB /* Build configuration list for PBXNativeTarget "FirstPlayWithSwift" */ = {
			isa = XCConfigurationList;
			buildConfigurations = (
				37F2229922036F6B003C36AB /* Debug */,
				37F2229A22036F6B003C36AB /* Release */,
			);
			defaultConfigurationIsVisible = 0;
			defaultConfigurationName = Release;
		};
/* End XCConfigurationList section */
	};
	rootObject = 37F2228922036F6B003C36AB /* Project object */;
}
